
Microsoft Visual Studio Solution File, Format Version 12.00
# Visual Studio Version 17
VisualStudioVersion = 17.14.36811.4 d17.14
MinimumVisualStudioVersion = 10.0.40219.1
Project("{8BC9CEB8-8B4A-11D0-8D11-00A0C91BC942}") = "ThirdLimit", "ThirdLimit\ThirdLimit.vcxproj", "{3D66D96F-3C11-4617-9918-785ED9C580DB}"
EndProject
Global
	GlobalSection(SolutionConfigurationPlatforms) = preSolution
		Debug|x64 = Debug|x64
		Debug|x86 = Debug|x86
		Release|x64 = Release|x64
		Release|x86 = Release|x86
	EndGlobalSection
	GlobalSection(ProjectConfigurationPlatforms) = postSolution
		{3D66D96F-3C11-4617-9918-785ED9C580DB}.Debug|x64.ActiveCfg = Debug|x64
		{3D66D96F-3C11-4617-9918-785ED9C580DB}.Debug|x64.Build.0 = Debug|x64
		{3D66D96F-3C11-4617-9918-785ED9C580DB}.Debug|x86.ActiveCfg = Debug|Win32
		{3D66D96F-3C11-4617-9918-785ED9C580DB}.Debug|x86.Build.0 = Debug|Win32
		{3D66D96F-3C11-4617-9918-785ED9C580DB}.Release|x64.ActiveCfg = Release|x64
		{3D66D96F-3C11-4617-9918-785ED9C580DB}.Release|x64.Build.0 = Release|x64
		{3D66D96F-3C11-4617-9918-785ED9C580DB}.Release|x86.ActiveCfg = Release|Win32
		{3D66D96F-3C11-4617-9918-785ED9C580DB}.Release|x86.Build.0 = Release|Win32
	EndGlobalSection
	GlobalSection(SolutionProperties) = preSolution
		HideSolutionNode = FALSE
	EndGlobalSection
	GlobalSection(ExtensibilityGlobals) = postSolution
		SolutionGuid = {7DB4FF07-9464-45AF-A9DD-3F207D44BA9E}
	EndGlobalSection
EndGlobal
